Microsoft Visual Studio Solution File, Format Version 11.00
# Visual C++ Express 2010
Project("{8BC9CEB8-8B4A-11D0-8D11-00A0C91BC942}") = "CoreProfileApp", "CoreProfileApp.vcxproj", "{8E1E0848-4F60-4260-BB0F-C20A7A7F6CDF}"
EndProject
Global
	GlobalSection(SolutionConfigurationPlatforms) = preSolution
		Debug|Win32 = Debug|Win32
		Release|Win32 = Release|Win32
	EndGlobalSection
	GlobalSection(ProjectConfigurationPlatforms) = postSolution
		{8E1E0848-4F60-4260-BB0F-C20A7A7F6CDF}.Debug|Win32.ActiveCfg = Debug|Win32
		{8E1E0848-4F60-4260-BB0F-C20A7A7F6CDF}.Debug|Win32.Build.0 = Debug|Win32
		{8E1E0848-4F60-4260-BB0F-C20A7A7F6CDF}.Release|Win32.ActiveCfg = Release|Win32
		{8E1E0848-4F60-4260-BB0F-C20A7A7F6CDF}.Release|Win32.Build.0 = Release|Win32
	EndGlobalSection
	GlobalSection(SolutionProperties) = preSolution
		HideSolutionNode = FALSE
	EndGlobalSection
EndGlobal
